
Microsoft Visual Studio Solution File, Format Version 12.00
# Visual Studio 15
VisualStudioVersion = 15.0.27703.2035
MinimumVisualStudioVersion = 10.0.40219.1
Project("{FAE04EC0-301F-11D3-BF4B-00C04F79EFBC}") = "调色板", "调色板\调色板.csproj", "{B091DC63-965F-4664-8B92-54C2515A1F6D}"
EndProject
Global
	GlobalSection(SolutionConfigurationPlatforms) = preSolution
		Debug|Any CPU = Debug|Any CPU
		Release|Any CPU = Release|Any CPU
	EndGlobalSection
	GlobalSection(ProjectConfigurationPlatforms) = postSolution
		{B091DC63-965F-4664-8B92-54C2515A1F6D}.Debug|Any CPU.ActiveCfg = Debug|Any CPU
		{B091DC63-965F-4664-8B92-54C2515A1F6D}.Debug|Any CPU.Build.0 = Debug|Any CPU
		{B091DC63-965F-4664-8B92-54C2515A1F6D}.Release|Any CPU.ActiveCfg = Release|Any CPU
		{B091DC63-965F-4664-8B92-54C2515A1F6D}.Release|Any CPU.Build.0 = Release|Any CPU
	EndGlobalSection
	GlobalSection(SolutionProperties) = preSolution
		HideSolutionNode = FALSE
	EndGlobalSection
	GlobalSection(ExtensibilityGlobals) = postSolution
		SolutionGuid = {7D67A396-A7C8-4B4B-94E2-2FA7AFBB7749}
	EndGlobalSection
EndGlobal
